
Microsoft Visual Studio Solution File, Format Version 12.00
# Visual Studio Version 17
VisualStudioVersion = 17.0.31903.59
MinimumVisualStudioVersion = 10.0.40219.1
Project("{FAE04EC0-301F-11D3-BF4B-00C04F79EFBC}") = "TanggapDaruratApi", "TanggapDaruratApi.csproj", "{B4D3662D-C169-4759-9AE2-BAD83034ECC2}"
EndProject
Global
	GlobalSection(SolutionConfigurationPlatforms) = preSolution
		Debug|Any CPU = Debug|Any CPU
		Release|Any CPU = Release|Any CPU
	EndGlobalSection
	GlobalSection(SolutionProperties) = preSolution
		HideSolutionNode = FALSE
	EndGlobalSection
	GlobalSection(ProjectConfigurationPlatforms) = postSolution
		{B4D3662D-C169-4759-9AE2-BAD83034ECC2}.Debug|Any CPU.ActiveCfg = Debug|Any CPU
		{B4D3662D-C169-4759-9AE2-BAD83034ECC2}.Debug|Any CPU.Build.0 = Debug|Any CPU
		{B4D3662D-C169-4759-9AE2-BAD83034ECC2}.Release|Any CPU.ActiveCfg = Release|Any CPU
		{B4D3662D-C169-4759-9AE2-BAD83034ECC2}.Release|Any CPU.Build.0 = Release|Any CPU
	EndGlobalSection
EndGlobal
